
Microsoft Visual Studio Solution File, Format Version 12.00
# Visual Studio Version 17
VisualStudioVersion = 17.13.35818.85
MinimumVisualStudioVersion = 10.0.40219.1
Project("{2150E333-8FDC-42A3-9474-1A3956D46DE8}") = "Core", "Core", "{02EA681E-C7D8-13C7-8484-4AC65E1B71E8}"
EndProject
Project("{FAE04EC0-301F-11D3-BF4B-00C04F79EFBC}") = "CarBook.Domain", "Core\CarBook.Domain\CarBook.Domain.csproj", "{C24664AB-5D98-4FEE-98B7-070CA2817E34}"
EndProject
Project("{FAE04EC0-301F-11D3-BF4B-00C04F79EFBC}") = "CarBook.Application", "Core\CarBook.Application\CarBook.Application.csproj", "{2AE803CF-7725-4979-89D5-3BA9BBC058C8}"
EndProject
Project("{2150E333-8FDC-42A3-9474-1A3956D46DE8}") = "Infrastructure", "Infrastructure", "{D59FEE05-331F-42EA-8966-50F8BE414FB8}"
EndProject
Project("{FAE04EC0-301F-11D3-BF4B-00C04F79EFBC}") = "CarBook.Persistence", "Infrastructure\CarBook.Persistence\CarBook.Persistence.csproj", "{9C56D1CF-717F-48FC-BE7C-05D776C944E0}"
EndProject
Project("{2150E333-8FDC-42A3-9474-1A3956D46DE8}") = "Presentation", "Presentation", "{42D59DDC-7752-41D4-99C7-85307CBB7BFA}"
EndProject
Project("{FAE04EC0-301F-11D3-BF4B-00C04F79EFBC}") = "CarBook.WebApi", "Presentation\CarBook.WebApi\CarBook.WebApi.csproj", "{E909D003-F7DF-438B-8C14-3CC6A763CF2F}"
EndProject
Global
	GlobalSection(SolutionConfigurationPlatforms) = preSolution
		Debug|Any CPU = Debug|Any CPU
		Release|Any CPU = Release|Any CPU
	EndGlobalSection
	GlobalSection(ProjectConfigurationPlatforms) = postSolution
		{C24664AB-5D98-4FEE-98B7-070CA2817E34}.Debug|Any CPU.ActiveCfg = Debug|Any CPU
		{C24664AB-5D98-4FEE-98B7-070CA2817E34}.Debug|Any CPU.Build.0 = Debug|Any CPU
		{C24664AB-5D98-4FEE-98B7-070CA2817E34}.Release|Any CPU.ActiveCfg = Release|Any CPU
		{C24664AB-5D98-4FEE-98B7-070CA2817E34}.Release|Any CPU.Build.0 = Release|Any CPU
		{2AE803CF-7725-4979-89D5-3BA9BBC058C8}.Debug|Any CPU.ActiveCfg = Debug|Any CPU
		{2AE803CF-7725-4979-89D5-3BA9BBC058C8}.Debug|Any CPU.Build.0 = Debug|Any CPU
		{2AE803CF-7725-4979-89D5-3BA9BBC058C8}.Release|Any CPU.ActiveCfg = Release|Any CPU
		{2AE803CF-7725-4979-89D5-3BA9BBC058C8}.Release|Any CPU.Build.0 = Release|Any CPU
		{9C56D1CF-717F-48FC-BE7C-05D776C944E0}.Debug|Any CPU.ActiveCfg = Debug|Any CPU
		{9C56D1CF-717F-48FC-BE7C-05D776C944E0}.Debug|Any CPU.Build.0 = Debug|Any CPU
		{9C56D1CF-717F-48FC-BE7C-05D776C944E0}.Release|Any CPU.ActiveCfg = Release|Any CPU
		{9C56D1CF-717F-48FC-BE7C-05D776C944E0}.Release|Any CPU.Build.0 = Release|Any CPU
		{E909D003-F7DF-438B-8C14-3CC6A763CF2F}.Debug|Any CPU.ActiveCfg = Debug|Any CPU
		{E909D003-F7DF-438B-8C14-3CC6A763CF2F}.Debug|Any CPU.Build.0 = Debug|Any CPU
		{E909D003-F7DF-438B-8C14-3CC6A763CF2F}.Release|Any CPU.ActiveCfg = Release|Any CPU
		{E909D003-F7DF-438B-8C14-3CC6A763CF2F}.Release|Any CPU.Build.0 = Release|Any CPU
	EndGlobalSection
	GlobalSection(SolutionProperties) = preSolution
		HideSolutionNode = FALSE
	EndGlobalSection
	GlobalSection(NestedProjects) = preSolution
		{C24664AB-5D98-4FEE-98B7-070CA2817E34} = {02EA681E-C7D8-13C7-8484-4AC65E1B71E8}
		{2AE803CF-7725-4979-89D5-3BA9BBC058C8} = {02EA681E-C7D8-13C7-8484-4AC65E1B71E8}
		{9C56D1CF-717F-48FC-BE7C-05D776C944E0} = {D59FEE05-331F-42EA-8966-50F8BE414FB8}
		{E909D003-F7DF-438B-8C14-3CC6A763CF2F} = {42D59DDC-7752-41D4-99C7-85307CBB7BFA}
	EndGlobalSection
	GlobalSection(ExtensibilityGlobals) = postSolution
		SolutionGuid = {1A99AA54-89F6-40A6-A1CC-4D03B22ADDEC}
	EndGlobalSection
EndGlobal
